PODS:
  - AFNetworking (2.3.1):
    - AFNetworking/NSURLConnection
    - AFNetworking/NSURLSession
    - AFNetworking/Reachability
    - AFNetworking/Security
    - AFNetworking/Serialization
    - AFNetworking/UIKit
  - AFNetworking/NSURLConnection (2.3.1):
    - AFNetworking/Reachability
    - AFNetworking/Security
    - AFNetworking/Serialization
  - AFNetworking/NSURLSession (2.3.1):
    - AFNetworking/Reachability
    - AFNetworking/Security
    - AFNetworking/Serialization
  - AFNetworking/Reachability (2.3.1)
  - AFNetworking/Security (2.3.1)
  - AFNetworking/Serialization (2.3.1)
  - AFNetworking/UIKit (2.3.1):
    - AFNetworking/NSURLConnection
    - AFNetworking/NSURLSession
  - REFrostedViewController (2.4.6)
  - Wit (1.1.1)

DEPENDENCIES:
  - AFNetworking (~> 2.0)
  - REFrostedViewController (~> 2.4.6)
  - Wit (~> 1.1.0)

SPEC CHECKSUMS:
  AFNetworking: 6d7b76aa5d04c8c37daad3eef4b7e3f2a7620da3
  REFrostedViewController: 0f6bb16aeb4b384da25cc3c97bc1a16926583c62
  Wit: ce192f83e2749d2f0d536def29155e8f6a84b468

COCOAPODS: 0.33.1
