// !$*UTF8*$!
{
	archiveVersion = 1;
	classes = {
	};
	objectVersion = 46;
	objects = {

/* Begin PBXBuildFile section */
		04B571A519DC705D002C19BE /* Images.xcassets in Resources */ = {isa = PBXBuildFile; fileRef = 04B571A419DC705D002C19BE /* Images.xcassets */; };
		04B571B419DC705D002C19BE /* ChivesTests.swift in Sources */ = {isa = PBXBuildFile; fileRef = 04B571B319DC705D002C19BE /* ChivesTests.swift */; };
		04B571C219DC70F3002C19BE /* AppDelegate.swift in Sources */ = {isa = PBXBuildFile; fileRef = 04B571BE19DC70F3002C19BE /* AppDelegate.swift */; };
		04B571C319DC70F3002C19BE /* Singleton.swift in Sources */ = {isa = PBXBuildFile; fileRef = 04B571BF19DC70F3002C19BE /* Singleton.swift */; };
		04B571C419DC70F3002C19BE /* ConnectionDoctor.swift in Sources */ = {isa = PBXBuildFile; fileRef = 04B571C019DC70F3002C19BE /* ConnectionDoctor.swift */; };
		04B571C519DC70F3002C19BE /* MainViewController.swift in Sources */ = {isa = PBXBuildFile; fileRef = 04B571C119DC70F3002C19BE /* MainViewController.swift */; };
		04B571DB19DC7275002C19BE /* RNFrostedSidebar.m in Sources */ = {isa = PBXBuildFile; fileRef = 04B571DA19DC7275002C19BE /* RNFrostedSidebar.m */; };
		04B571DE19DC72A2002C19BE /* UIImage+Additions.m in Sources */ = {isa = PBXBuildFile; fileRef = 04B571DD19DC72A2002C19BE /* UIImage+Additions.m */; };
		04B571E319DC72C1002C19BE /* HomeVC.swift in Sources */ = {isa = PBXBuildFile; fileRef = 04B571DF19DC72C1002C19BE /* HomeVC.swift */; };
		04B571E419DC72C1002C19BE /* RemoteVC.swift in Sources */ = {isa = PBXBuildFile; fileRef = 04B571E019DC72C1002C19BE /* RemoteVC.swift */; };
		04B571E519DC72C1002C19BE /* SettingsVC.swift in Sources */ = {isa = PBXBuildFile; fileRef = 04B571E119DC72C1002C19BE /* SettingsVC.swift */; };
		04B571E919DC7A13002C19BE /* Storyboard.storyboard in Resources */ = {isa = PBXBuildFile; fileRef = 04B571E819DC7A13002C19BE /* Storyboard.storyboard */; };
/* End PBXBuildFile section */

/* Begin PBXContainerItemProxy section */
		04B571AE19DC705D002C19BE /* PBXContainerItemProxy */ = {
			isa = PBXContainerItemProxy;
			containerPortal = 04B5719019DC705D002C19BE /* Project object */;
			proxyType = 1;
			remoteGlobalIDString = 04B5719719DC705D002C19BE;
			remoteInfo = Chives;
		};
/* End PBXContainerItemProxy section */

/* Begin PBXFileReference section */
		04B5719819DC705D002C19BE /* Chives.app */ = {isa = PBXFileReference; explicitFileType = wrapper.application; includeInIndex = 0; path = Chives.app; sourceTree = BUILT_PRODUCTS_DIR; };
		04B5719C19DC705D002C19BE /* Info.plist */ = {isa = PBXFileReference; lastKnownFileType = text.plist.xml; path = Info.plist; sourceTree = "<group>"; };
		04B571A419DC705D002C19BE /* Images.xcassets */ = {isa = PBXFileReference; lastKnownFileType = folder.assetcatalog; path = Images.xcassets; sourceTree = "<group>"; };
		04B571AD19DC705D002C19BE /* ChivesTests.xctest */ = {isa = PBXFileReference; explicitFileType = wrapper.cfbundle; includeInIndex = 0; path = ChivesTests.xctest; sourceTree = BUILT_PRODUCTS_DIR; };
		04B571B219DC705D002C19BE /* Info.plist */ = {isa = PBXFileReference; lastKnownFileType = text.plist.xml; path = Info.plist; sourceTree = "<group>"; };
		04B571B319DC705D002C19BE /* ChivesTests.swift */ = {isa = PBXFileReference; lastKnownFileType = sourcecode.swift; path = ChivesTests.swift; sourceTree = "<group>"; };
		04B571BE19DC70F3002C19BE /* AppDelegate.swift */ = {isa = PBXFileReference; fileEncoding = 4; lastKnownFileType = sourcecode.swift; path = AppDelegate.swift; sourceTree = "<group>"; };
		04B571BF19DC70F3002C19BE /* Singleton.swift */ = {isa = PBXFileReference; fileEncoding = 4; lastKnownFileType = sourcecode.swift; path = Singleton.swift; sourceTree = "<group>"; };
		04B571C019DC70F3002C19BE /* ConnectionDoctor.swift */ = {isa = PBXFileReference; fileEncoding = 4; lastKnownFileType = sourcecode.swift; path = ConnectionDoctor.swift; sourceTree = "<group>"; };
		04B571C119DC70F3002C19BE /* MainViewController.swift */ = {isa = PBXFileReference; fileEncoding = 4; lastKnownFileType = sourcecode.swift; path = MainViewController.swift; sourceTree = "<group>"; };
		04B571C619DC7122002C19BE /* Chives-Bridging-Header.h */ = {isa = PBXFileReference; lastKnownFileType = sourcecode.c.h; path = "Chives-Bridging-Header.h"; sourceTree = "<group>"; };
		04B571D919DC7275002C19BE /* RNFrostedSidebar.h */ = {isa = PBXFileReference; fileEncoding = 4; lastKnownFileType = sourcecode.c.h; name = RNFrostedSidebar.h; path = Libraries/RNFrostedSidebar/RNFrostedSidebar.h; sourceTree = "<group>"; };
		04B571DA19DC7275002C19BE /* RNFrostedSidebar.m */ = {isa = PBXFileReference; fileEncoding = 4; lastKnownFileType = sourcecode.c.objc; name = RNFrostedSidebar.m; path = Libraries/RNFrostedSidebar/RNFrostedSidebar.m; sourceTree = "<group>"; };
		04B571DC19DC72A2002C19BE /* UIImage+Additions.h */ = {isa = PBXFileReference; fileEncoding = 4; lastKnownFileType = sourcecode.c.h; name = "UIImage+Additions.h"; path = "Extensions/UIImage+Additions.h"; sourceTree = "<group>"; };
		04B571DD19DC72A2002C19BE /* UIImage+Additions.m */ = {isa = PBXFileReference; fileEncoding = 4; lastKnownFileType = sourcecode.c.objc; name = "UIImage+Additions.m"; path = "Extensions/UIImage+Additions.m"; sourceTree = "<group>"; };
		04B571DF19DC72C1002C19BE /* HomeVC.swift */ = {isa = PBXFileReference; fileEncoding = 4; lastKnownFileType = sourcecode.swift; name = HomeVC.swift; path = ViewControllers/HomeVC.swift; sourceTree = "<group>"; };
		04B571E019DC72C1002C19BE /* RemoteVC.swift */ = {isa = PBXFileReference; fileEncoding = 4; lastKnownFileType = sourcecode.swift; name = RemoteVC.swift; path = ViewControllers/RemoteVC.swift; sourceTree = "<group>"; };
		04B571E119DC72C1002C19BE /* SettingsVC.swift */ = {isa = PBXFileReference; fileEncoding = 4; lastKnownFileType = sourcecode.swift; name = SettingsVC.swift; path = ViewControllers/SettingsVC.swift; sourceTree = "<group>"; };
		04B571E819DC7A13002C19BE /* Storyboard.storyboard */ = {isa = PBXFileReference; fileEncoding = 4; lastKnownFileType = file.storyboard; name = Storyboard.storyboard; path = ViewControllers/Storyboard.storyboard; sourceTree = "<group>"; };
/* End PBXFileReference section */

/* Begin PBXFrameworksBuildPhase section */
		04B5719519DC705D002C19BE /* Frameworks */ = {
			isa = PBXFrameworksBuildPhase;
			buildActionMask = 2147483647;
			files = (
			);
			runOnlyForDeploymentPostprocessing = 0;
		};
		04B571AA19DC705D002C19BE /* Frameworks */ = {
			isa = PBXFrameworksBuildPhase;
			buildActionMask = 2147483647;
			files = (
			);
			runOnlyForDeploymentPostprocessing = 0;
		};
/* End PBXFrameworksBuildPhase section */

/* Begin PBXGroup section */
		04B5718F19DC705D002C19BE = {
			isa = PBXGroup;
			children = (
				04B5719A19DC705D002C19BE /* Chives */,
				04B571B019DC705D002C19BE /* ChivesTests */,
				04B5719919DC705D002C19BE /* Products */,
			);
			sourceTree = "<group>";
		};
		04B5719919DC705D002C19BE /* Products */ = {
			isa = PBXGroup;
			children = (
				04B5719819DC705D002C19BE /* Chives.app */,
				04B571AD19DC705D002C19BE /* ChivesTests.xctest */,
			);
			name = Products;
			sourceTree = "<group>";
		};
		04B5719A19DC705D002C19BE /* Chives */ = {
			isa = PBXGroup;
			children = (
				04B571C619DC7122002C19BE /* Chives-Bridging-Header.h */,
				04B571BE19DC70F3002C19BE /* AppDelegate.swift */,
				04B571BF19DC70F3002C19BE /* Singleton.swift */,
				04B571C019DC70F3002C19BE /* ConnectionDoctor.swift */,
				04B571C119DC70F3002C19BE /* MainViewController.swift */,
				04B571D419DC721C002C19BE /* Libraries */,
				04B571CF19DC7178002C19BE /* ViewControllers */,
				04B571D319DC71D2002C19BE /* Extensions */,
				04B571A419DC705D002C19BE /* Images.xcassets */,
				04B5719B19DC705D002C19BE /* Supporting Files */,
			);
			path = Chives;
			sourceTree = "<group>";
		};
		04B5719B19DC705D002C19BE /* Supporting Files */ = {
			isa = PBXGroup;
			children = (
				04B5719C19DC705D002C19BE /* Info.plist */,
			);
			name = "Supporting Files";
			sourceTree = "<group>";
		};
		04B571B019DC705D002C19BE /* ChivesTests */ = {
			isa = PBXGroup;
			children = (
				04B571B319DC705D002C19BE /* ChivesTests.swift */,
				04B571B119DC705D002C19BE /* Supporting Files */,
			);
			path = ChivesTests;
			sourceTree = "<group>";
		};
		04B571B119DC705D002C19BE /* Supporting Files */ = {
			isa = PBXGroup;
			children = (
				04B571B219DC705D002C19BE /* Info.plist */,
			);
			name = "Supporting Files";
			sourceTree = "<group>";
		};
		04B571CF19DC7178002C19BE /* ViewControllers */ = {
			isa = PBXGroup;
			children = (
				04B571DF19DC72C1002C19BE /* HomeVC.swift */,
				04B571E019DC72C1002C19BE /* RemoteVC.swift */,
				04B571E119DC72C1002C19BE /* SettingsVC.swift */,
				04B571E819DC7A13002C19BE /* Storyboard.storyboard */,
			);
			name = ViewControllers;
			sourceTree = "<group>";
		};
		04B571D319DC71D2002C19BE /* Extensions */ = {
			isa = PBXGroup;
			children = (
				04B571DC19DC72A2002C19BE /* UIImage+Additions.h */,
				04B571DD19DC72A2002C19BE /* UIImage+Additions.m */,
			);
			name = Extensions;
			sourceTree = "<group>";
		};
		04B571D419DC721C002C19BE /* Libraries */ = {
			isa = PBXGroup;
			children = (
				04B571D519DC7222002C19BE /* RNFrostedSidebar */,
			);
			name = Libraries;
			sourceTree = "<group>";
		};
		04B571D519DC7222002C19BE /* RNFrostedSidebar */ = {
			isa = PBXGroup;
			children = (
				04B571D919DC7275002C19BE /* RNFrostedSidebar.h */,
				04B571DA19DC7275002C19BE /* RNFrostedSidebar.m */,
			);
			name = RNFrostedSidebar;
			sourceTree = "<group>";
		};
/* End PBXGroup section */

/* Begin PBXNativeTarget section */
		04B5719719DC705D002C19BE /* Chives */ = {
			isa = PBXNativeTarget;
			buildConfigurationList = 04B571B719DC705D002C19BE /* Build configuration list for PBXNativeTarget "Chives" */;
			buildPhases = (
				04B5719419DC705D002C19BE /* Sources */,
				04B5719519DC705D002C19BE /* Frameworks */,
				04B5719619DC705D002C19BE /* Resources */,
			);
			buildRules = (
			);
			dependencies = (
			);
			name = Chives;
			productName = Chives;
			productReference = 04B5719819DC705D002C19BE /* Chives.app */;
			productType = "com.apple.product-type.application";
		};
		04B571AC19DC705D002C19BE /* ChivesTests */ = {
			isa = PBXNativeTarget;
			buildConfigurationList = 04B571BA19DC705D002C19BE /* Build configuration list for PBXNativeTarget "ChivesTests" */;
			buildPhases = (
				04B571A919DC705D002C19BE /* Sources */,
				04B571AA19DC705D002C19BE /* Frameworks */,
				04B571AB19DC705D002C19BE /* Resources */,
			);
			buildRules = (
			);
			dependencies = (
				04B571AF19DC705D002C19BE /* PBXTargetDependency */,
			);
			name = ChivesTests;
			productName = ChivesTests;
			productReference = 04B571AD19DC705D002C19BE /* ChivesTests.xctest */;
			productType = "com.apple.product-type.bundle.unit-test";
		};
/* End PBXNativeTarget section */

/* Begin PBXProject section */
		04B5719019DC705D002C19BE /* Project object */ = {
			isa = PBXProject;
			attributes = {
				LastUpgradeCheck = 0600;
				ORGANIZATIONNAME = Jack;
				TargetAttributes = {
					04B5719719DC705D002C19BE = {
						CreatedOnToolsVersion = 6.0.1;
					};
					04B571AC19DC705D002C19BE = {
						CreatedOnToolsVersion = 6.0.1;
						TestTargetID = 04B5719719DC705D002C19BE;
					};
				};
			};
			buildConfigurationList = 04B5719319DC705D002C19BE /* Build configuration list for PBXProject "Chives" */;
			compatibilityVersion = "Xcode 3.2";
			developmentRegion = English;
			hasScannedForEncodings = 0;
			knownRegions = (
				en,
				Base,
			);
			mainGroup = 04B5718F19DC705D002C19BE;
			productRefGroup = 04B5719919DC705D002C19BE /* Products */;
			projectDirPath = "";
			projectRoot = "";
			targets = (
				04B5719719DC705D002C19BE /* Chives */,
				04B571AC19DC705D002C19BE /* ChivesTests */,
			);
		};
/* End PBXProject section */

/* Begin PBXResourcesBuildPhase section */
		04B5719619DC705D002C19BE /* Resources */ = {
			isa = PBXResourcesBuildPhase;
			buildActionMask = 2147483647;
			files = (
				04B571A519DC705D002C19BE /* Images.xcassets in Resources */,
				04B571E919DC7A13002C19BE /* Storyboard.storyboard in Resources */,
			);
			runOnlyForDeploymentPostprocessing = 0;
		};
		04B571AB19DC705D002C19BE /* Resources */ = {
			isa = PBXResourcesBuildPhase;
			buildActionMask = 2147483647;
			files = (
			);
			runOnlyForDeploymentPostprocessing = 0;
		};
/* End PBXResourcesBuildPhase section */

/* Begin PBXSourcesBuildPhase section */
		04B5719419DC705D002C19BE /* Sources */ = {
			isa = PBXSourcesBuildPhase;
			buildActionMask = 2147483647;
			files = (
				04B571C419DC70F3002C19BE /* ConnectionDoctor.swift in Sources */,
				04B571E319DC72C1002C19BE /* HomeVC.swift in Sources */,
				04B571DE19DC72A2002C19BE /* UIImage+Additions.m in Sources */,
				04B571E519DC72C1002C19BE /* SettingsVC.swift in Sources */,
				04B571C219DC70F3002C19BE /* AppDelegate.swift in Sources */,
				04B571E419DC72C1002C19BE /* RemoteVC.swift in Sources */,
				04B571C319DC70F3002C19BE /* Singleton.swift in Sources */,
				04B571DB19DC7275002C19BE /* RNFrostedSidebar.m in Sources */,
				04B571C519DC70F3002C19BE /* MainViewController.swift in Sources */,
			);
			runOnlyForDeploymentPostprocessing = 0;
		};
		04B571A919DC705D002C19BE /* Sources */ = {
			isa = PBXSourcesBuildPhase;
			buildActionMask = 2147483647;
			files = (
				04B571B419DC705D002C19BE /* ChivesTests.swift in Sources */,
			);
			runOnlyForDeploymentPostprocessing = 0;
		};
/* End PBXSourcesBuildPhase section */

/* Begin PBXTargetDependency section */
		04B571AF19DC705D002C19BE /* PBXTargetDependency */ = {
			isa = PBXTargetDependency;
			target = 04B5719719DC705D002C19BE /* Chives */;
			targetProxy = 04B571AE19DC705D002C19BE /* PBXContainerItemProxy */;
		};
/* End PBXTargetDependency section */

/* Begin XCBuildConfiguration section */
		04B571B519DC705D002C19BE /* Debug */ = {
			isa = XCBuildConfiguration;
			buildSettings = {
				ALWAYS_SEARCH_USER_PATHS = NO;
				CLANG_CXX_LANGUAGE_STANDARD = "gnu++0x";
				CLANG_CXX_LIBRARY = "libc++";
				CLANG_ENABLE_MODULES = YES;
				CLANG_ENABLE_OBJC_ARC = YES;
				CLANG_WARN_BOOL_CONVERSION = YES;
				CLANG_WARN_CONSTANT_CONVERSION = YES;
				CLANG_WARN_DIRECT_OBJC_ISA_USAGE = YES_ERROR;
				CLANG_WARN_EMPTY_BODY = YES;
				CLANG_WARN_ENUM_CONVERSION = YES;
				CLANG_WARN_INT_CONVERSION = YES;
				CLANG_WARN_OBJC_ROOT_CLASS = YES_ERROR;
				CLANG_WARN_UNREACHABLE_CODE = YES;
				CLANG_WARN__DUPLICATE_METHOD_MATCH = YES;
				"CODE_SIGN_IDENTITY[sdk=iphoneos*]" = "iPhone Developer";
				COPY_PHASE_STRIP = NO;
				ENABLE_STRICT_OBJC_MSGSEND = YES;
				GCC_C_LANGUAGE_STANDARD = gnu99;
				GCC_DYNAMIC_NO_PIC = NO;
				GCC_OPTIMIZATION_LEVEL = 0;
				GCC_PREPROCESSOR_DEFINITIONS = (
					"DEBUG=1",
					"$(inherited)",
				);
				GCC_SYMBOLS_PRIVATE_EXTERN = NO;
				GCC_WARN_64_TO_32_BIT_CONVERSION = YES;
				GCC_WARN_ABOUT_RETURN_TYPE = YES_ERROR;
				GCC_WARN_UNDECLARED_SELECTOR = YES;
				GCC_WARN_UNINITIALIZED_AUTOS = YES_AGGRESSIVE;
				GCC_WARN_UNUSED_FUNCTION = YES;
				GCC_WARN_UNUSED_VARIABLE = YES;
				IPHONEOS_DEPLOYMENT_TARGET = 8.0;
				MTL_ENABLE_DEBUG_INFO = YES;
				ONLY_ACTIVE_ARCH = YES;
				SDKROOT = iphoneos;
				SWIFT_OPTIMIZATION_LEVEL = "-Onone";
			};
			name = Debug;
		};
		04B571B619DC705D002C19BE /* Release */ = {
			isa = XCBuildConfiguration;
			buildSettings = {
				ALWAYS_SEARCH_USER_PATHS = NO;
				CLANG_CXX_LANGUAGE_STANDARD = "gnu++0x";
				CLANG_CXX_LIBRARY = "libc++";
				CLANG_ENABLE_MODULES = YES;
				CLANG_ENABLE_OBJC_ARC = YES;
				CLANG_WARN_BOOL_CONVERSION = YES;
				CLANG_WARN_CONSTANT_CONVERSION = YES;
				CLANG_WARN_DIRECT_OBJC_ISA_USAGE = YES_ERROR;
				CLANG_WARN_EMPTY_BODY = YES;
				CLANG_WARN_ENUM_CONVERSION = YES;
				CLANG_WARN_INT_CONVERSION = YES;
				CLANG_WARN_OBJC_ROOT_CLASS = YES_ERROR;
				CLANG_WARN_UNREACHABLE_CODE = YES;
				CLANG_WARN__DUPLICATE_METHOD_MATCH = YES;
				"CODE_SIGN_IDENTITY[sdk=iphoneos*]" = "iPhone Developer";
				COPY_PHASE_STRIP = YES;
				ENABLE_NS_ASSERTIONS = NO;
				ENABLE_STRICT_OBJC_MSGSEND = YES;
				GCC_C_LANGUAGE_STANDARD = gnu99;
				GCC_WARN_64_TO_32_BIT_CONVERSION = YES;
				GCC_WARN_ABOUT_RETURN_TYPE = YES_ERROR;
				GCC_WARN_UNDECLARED_SELECTOR = YES;
				GCC_WARN_UNINITIALIZED_AUTOS = YES_AGGRESSIVE;
				GCC_WARN_UNUSED_FUNCTION = YES;
				GCC_WARN_UNUSED_VARIABLE = YES;
				IPHONEOS_DEPLOYMENT_TARGET = 8.0;
				MTL_ENABLE_DEBUG_INFO = NO;
				SDKROOT = iphoneos;
				VALIDATE_PRODUCT = YES;
			};
			name = Release;
		};
		04B571B819DC705D002C19BE /* Debug */ = {
			isa = XCBuildConfiguration;
			buildSettings = {
				ASSETCATALOG_COMPILER_APPICON_NAME = AppIcon;
				ASSETCATALOG_COMPILER_LAUNCHIMAGE_NAME = LaunchImage;
				CLANG_ENABLE_MODULES = YES;
				INFOPLIST_FILE = Chives/Info.plist;
				LD_RUNPATH_SEARCH_PATHS = "$(inherited) @executable_path/Frameworks";
				PRODUCT_NAME = "$(TARGET_NAME)";
				SWIFT_OBJC_BRIDGING_HEADER = "Chives/Chives-Bridging-Header.h";
				SWIFT_OPTIMIZATION_LEVEL = "-Onone";
				TARGETED_DEVICE_FAMILY = 1;
			};
			name = Debug;
		};
		04B571B919DC705D002C19BE /* Release */ = {
			isa = XCBuildConfiguration;
			buildSettings = {
				ASSETCATALOG_COMPILER_APPICON_NAME = AppIcon;
				ASSETCATALOG_COMPILER_LAUNCHIMAGE_NAME = LaunchImage;
				CLANG_ENABLE_MODULES = YES;
				INFOPLIST_FILE = Chives/Info.plist;
				LD_RUNPATH_SEARCH_PATHS = "$(inherited) @executable_path/Frameworks";
				PRODUCT_NAME = "$(TARGET_NAME)";
				SWIFT_OBJC_BRIDGING_HEADER = "Chives/Chives-Bridging-Header.h";
				TARGETED_DEVICE_FAMILY = 1;
			};
			name = Release;
		};
		04B571BB19DC705D002C19BE /* Debug */ = {
			isa = XCBuildConfiguration;
			buildSettings = {
				BUNDLE_LOADER = "$(TEST_HOST)";
				FRAMEWORK_SEARCH_PATHS = (
					"$(SDKROOT)/Developer/Library/Frameworks",
					"$(inherited)",
				);
				GCC_PREPROCESSOR_DEFINITIONS = (
					"DEBUG=1",
					"$(inherited)",
				);
				INFOPLIST_FILE = ChivesTests/Info.plist;
				LD_RUNPATH_SEARCH_PATHS = "$(inherited) @executable_path/Frameworks @loader_path/Frameworks";
				PRODUCT_NAME = "$(TARGET_NAME)";
				TEST_HOST = "$(BUILT_PRODUCTS_DIR)/Chives.app/Chives";
			};
			name = Debug;
		};
		04B571BC19DC705D002C19BE /* Release */ = {
			isa = XCBuildConfiguration;
			buildSettings = {
				BUNDLE_LOADER = "$(TEST_HOST)";
				FRAMEWORK_SEARCH_PATHS = (
					"$(SDKROOT)/Developer/Library/Frameworks",
					"$(inherited)",
				);
				INFOPLIST_FILE = ChivesTests/Info.plist;
				LD_RUNPATH_SEARCH_PATHS = "$(inherited) @executable_path/Frameworks @loader_path/Frameworks";
				PRODUCT_NAME = "$(TARGET_NAME)";
				TEST_HOST = "$(BUILT_PRODUCTS_DIR)/Chives.app/Chives";
			};
			name = Release;
		};
/* End XCBuildConfiguration section */

/* Begin XCConfigurationList section */
		04B5719319DC705D002C19BE /* Build configuration list for PBXProject "Chives" */ = {
			isa = XCConfigurationList;
			buildConfigurations = (
				04B571B519DC705D002C19BE /* Debug */,
				04B571B619DC705D002C19BE /* Release */,
			);
			defaultConfigurationIsVisible = 0;
			defaultConfigurationName = Release;
		};
		04B571B719DC705D002C19BE /* Build configuration list for PBXNativeTarget "Chives" */ = {
			isa = XCConfigurationList;
			buildConfigurations = (
				04B571B819DC705D002C19BE /* Debug */,
				04B571B919DC705D002C19BE /* Release */,
			);
			defaultConfigurationIsVisible = 0;
		};
		04B571BA19DC705D002C19BE /* Build configuration list for PBXNativeTarget "ChivesTests" */ = {
			isa = XCConfigurationList;
			buildConfigurations = (
				04B571BB19DC705D002C19BE /* Debug */,
				04B571BC19DC705D002C19BE /* Release */,
			);
			defaultConfigurationIsVisible = 0;
		};
/* End XCConfigurationList section */
	};
	rootObject = 04B5719019DC705D002C19BE /* Project object */;
}
